
Microsoft Visual Studio Solution File, Format Version 12.00
# Visual Studio 15
VisualStudioVersion = 15.0.27703.2026
MinimumVisualStudioVersion = 10.0.40219.1
Project("{FAE04EC0-301F-11D3-BF4B-00C04F79EFBC}") = "DemoApp", "DemoApp\DemoApp.csproj", "{46AD1011-BC9C-48B8-BBC1-C748532DD11C}"
EndProject
Project("{262852C6-CD72-467D-83FE-5EEB1973A190}") = "DemoAppAngular", "DemoAppAngular\DemoAppAngular.jsproj", "{6CC23934-71E9-4EC7-AD0B-A5BC677FD741}"
EndProject
Project("{9092AA53-FB77-4645-B42D-1CCCA6BD08BD}") = "AngularDemoApp", "AngularDemoApp\AngularDemoApp.njsproj", "{05C3C133-F81D-4CFE-B8E3-CC8902753099}"
	ProjectSection(ProjectDependencies) = postProject
		{0A18194E-947D-4A8F-98D0-CE2F89990B1A} = {0A18194E-947D-4A8F-98D0-CE2F89990B1A}
	EndProjectSection
EndProject
Project("{FAE04EC0-301F-11D3-BF4B-00C04F79EFBC}") = "DemoDAO", "DemoDAO\DemoDAO.csproj", "{0A18194E-947D-4A8F-98D0-CE2F89990B1A}"
EndProject
Global
	GlobalSection(SolutionConfigurationPlatforms) = preSolution
		Debug|Any CPU = Debug|Any CPU
		Debug|ARM = Debug|ARM
		Debug|x64 = Debug|x64
		Debug|x86 = Debug|x86
		Release|Any CPU = Release|Any CPU
		Release|ARM = Release|ARM
		Release|x64 = Release|x64
		Release|x86 = Release|x86
	EndGlobalSection
	GlobalSection(ProjectConfigurationPlatforms) = postSolution
		{46AD1011-BC9C-48B8-BBC1-C748532DD11C}.Debug|Any CPU.ActiveCfg = Debug|Any CPU
		{46AD1011-BC9C-48B8-BBC1-C748532DD11C}.Debug|Any CPU.Build.0 = Debug|Any CPU
		{46AD1011-BC9C-48B8-BBC1-C748532DD11C}.Debug|ARM.ActiveCfg = Debug|Any CPU
		{46AD1011-BC9C-48B8-BBC1-C748532DD11C}.Debug|ARM.Build.0 = Debug|Any CPU
		{46AD1011-BC9C-48B8-BBC1-C748532DD11C}.Debug|x64.ActiveCfg = Debug|Any CPU
		{46AD1011-BC9C-48B8-BBC1-C748532DD11C}.Debug|x64.Build.0 = Debug|Any CPU
		{46AD1011-BC9C-48B8-BBC1-C748532DD11C}.Debug|x86.ActiveCfg = Debug|Any CPU
		{46AD1011-BC9C-48B8-BBC1-C748532DD11C}.Debug|x86.Build.0 = Debug|Any CPU
		{46AD1011-BC9C-48B8-BBC1-C748532DD11C}.Release|Any CPU.ActiveCfg = Release|Any CPU
		{46AD1011-BC9C-48B8-BBC1-C748532DD11C}.Release|Any CPU.Build.0 = Release|Any CPU
		{46AD1011-BC9C-48B8-BBC1-C748532DD11C}.Release|ARM.ActiveCfg = Release|Any CPU
		{46AD1011-BC9C-48B8-BBC1-C748532DD11C}.Release|ARM.Build.0 = Release|Any CPU
		{46AD1011-BC9C-48B8-BBC1-C748532DD11C}.Release|x64.ActiveCfg = Release|Any CPU
		{46AD1011-BC9C-48B8-BBC1-C748532DD11C}.Release|x64.Build.0 = Release|Any CPU
		{46AD1011-BC9C-48B8-BBC1-C748532DD11C}.Release|x86.ActiveCfg = Release|Any CPU
		{46AD1011-BC9C-48B8-BBC1-C748532DD11C}.Release|x86.Build.0 = Release|Any CPU
		{6CC23934-71E9-4EC7-AD0B-A5BC677FD741}.Debug|Any CPU.ActiveCfg = Debug|Any CPU
		{6CC23934-71E9-4EC7-AD0B-A5BC677FD741}.Debug|Any CPU.Build.0 = Debug|Any CPU
		{6CC23934-71E9-4EC7-AD0B-A5BC677FD741}.Debug|Any CPU.Deploy.0 = Debug|Any CPU
		{6CC23934-71E9-4EC7-AD0B-A5BC677FD741}.Debug|ARM.ActiveCfg = Debug|ARM
		{6CC23934-71E9-4EC7-AD0B-A5BC677FD741}.Debug|ARM.Build.0 = Debug|ARM
		{6CC23934-71E9-4EC7-AD0B-A5BC677FD741}.Debug|ARM.Deploy.0 = Debug|ARM
		{6CC23934-71E9-4EC7-AD0B-A5BC677FD741}.Debug|x64.ActiveCfg = Debug|x64
		{6CC23934-71E9-4EC7-AD0B-A5BC677FD741}.Debug|x64.Build.0 = Debug|x64
		{6CC23934-71E9-4EC7-AD0B-A5BC677FD741}.Debug|x64.Deploy.0 = Debug|x64
		{6CC23934-71E9-4EC7-AD0B-A5BC677FD741}.Debug|x86.ActiveCfg = Debug|x86
		{6CC23934-71E9-4EC7-AD0B-A5BC677FD741}.Debug|x86.Build.0 = Debug|x86
		{6CC23934-71E9-4EC7-AD0B-A5BC677FD741}.Debug|x86.Deploy.0 = Debug|x86
		{6CC23934-71E9-4EC7-AD0B-A5BC677FD741}.Release|Any CPU.ActiveCfg = Release|Any CPU
		{6CC23934-71E9-4EC7-AD0B-A5BC677FD741}.Release|Any CPU.Build.0 = Release|Any CPU
		{6CC23934-71E9-4EC7-AD0B-A5BC677FD741}.Release|Any CPU.Deploy.0 = Release|Any CPU
		{6CC23934-71E9-4EC7-AD0B-A5BC677FD741}.Release|ARM.ActiveCfg = Release|ARM
		{6CC23934-71E9-4EC7-AD0B-A5BC677FD741}.Release|ARM.Build.0 = Release|ARM
		{6CC23934-71E9-4EC7-AD0B-A5BC677FD741}.Release|ARM.Deploy.0 = Release|ARM
		{6CC23934-71E9-4EC7-AD0B-A5BC677FD741}.Release|x64.ActiveCfg = Release|x64
		{6CC23934-71E9-4EC7-AD0B-A5BC677FD741}.Release|x64.Build.0 = Release|x64
		{6CC23934-71E9-4EC7-AD0B-A5BC677FD741}.Release|x64.Deploy.0 = Release|x64
		{6CC23934-71E9-4EC7-AD0B-A5BC677FD741}.Release|x86.ActiveCfg = Release|x86
		{6CC23934-71E9-4EC7-AD0B-A5BC677FD741}.Release|x86.Build.0 = Release|x86
		{6CC23934-71E9-4EC7-AD0B-A5BC677FD741}.Release|x86.Deploy.0 = Release|x86
		{05C3C133-F81D-4CFE-B8E3-CC8902753099}.Debug|Any CPU.ActiveCfg = Debug|Any CPU
		{05C3C133-F81D-4CFE-B8E3-CC8902753099}.Debug|Any CPU.Build.0 = Debug|Any CPU
		{05C3C133-F81D-4CFE-B8E3-CC8902753099}.Debug|ARM.ActiveCfg = Debug|Any CPU
		{05C3C133-F81D-4CFE-B8E3-CC8902753099}.Debug|ARM.Build.0 = Debug|Any CPU
		{05C3C133-F81D-4CFE-B8E3-CC8902753099}.Debug|x64.ActiveCfg = Debug|Any CPU
		{05C3C133-F81D-4CFE-B8E3-CC8902753099}.Debug|x64.Build.0 = Debug|Any CPU
		{05C3C133-F81D-4CFE-B8E3-CC8902753099}.Debug|x86.ActiveCfg = Debug|Any CPU
		{05C3C133-F81D-4CFE-B8E3-CC8902753099}.Debug|x86.Build.0 = Debug|Any CPU
		{05C3C133-F81D-4CFE-B8E3-CC8902753099}.Release|Any CPU.ActiveCfg = Release|Any CPU
		{05C3C133-F81D-4CFE-B8E3-CC8902753099}.Release|Any CPU.Build.0 = Release|Any CPU
		{05C3C133-F81D-4CFE-B8E3-CC8902753099}.Release|ARM.ActiveCfg = Release|Any CPU
		{05C3C133-F81D-4CFE-B8E3-CC8902753099}.Release|ARM.Build.0 = Release|Any CPU
		{05C3C133-F81D-4CFE-B8E3-CC8902753099}.Release|x64.ActiveCfg = Release|Any CPU
		{05C3C133-F81D-4CFE-B8E3-CC8902753099}.Release|x64.Build.0 = Release|Any CPU
		{05C3C133-F81D-4CFE-B8E3-CC8902753099}.Release|x86.ActiveCfg = Release|Any CPU
		{05C3C133-F81D-4CFE-B8E3-CC8902753099}.Release|x86.Build.0 = Release|Any CPU
		{0A18194E-947D-4A8F-98D0-CE2F89990B1A}.Debug|Any CPU.ActiveCfg = Debug|Any CPU
		{0A18194E-947D-4A8F-98D0-CE2F89990B1A}.Debug|Any CPU.Build.0 = Debug|Any CPU
		{0A18194E-947D-4A8F-98D0-CE2F89990B1A}.Debug|ARM.ActiveCfg = Debug|Any CPU
		{0A18194E-947D-4A8F-98D0-CE2F89990B1A}.Debug|ARM.Build.0 = Debug|Any CPU
		{0A18194E-947D-4A8F-98D0-CE2F89990B1A}.Debug|x64.ActiveCfg = Debug|Any CPU
		{0A18194E-947D-4A8F-98D0-CE2F89990B1A}.Debug|x64.Build.0 = Debug|Any CPU
		{0A18194E-947D-4A8F-98D0-CE2F89990B1A}.Debug|x86.ActiveCfg = Debug|Any CPU
		{0A18194E-947D-4A8F-98D0-CE2F89990B1A}.Debug|x86.Build.0 = Debug|Any CPU
		{0A18194E-947D-4A8F-98D0-CE2F89990B1A}.Release|Any CPU.ActiveCfg = Release|Any CPU
		{0A18194E-947D-4A8F-98D0-CE2F89990B1A}.Release|Any CPU.Build.0 = Release|Any CPU
		{0A18194E-947D-4A8F-98D0-CE2F89990B1A}.Release|ARM.ActiveCfg = Release|Any CPU
		{0A18194E-947D-4A8F-98D0-CE2F89990B1A}.Release|ARM.Build.0 = Release|Any CPU
		{0A18194E-947D-4A8F-98D0-CE2F89990B1A}.Release|x64.ActiveCfg = Release|Any CPU
		{0A18194E-947D-4A8F-98D0-CE2F89990B1A}.Release|x64.Build.0 = Release|Any CPU
		{0A18194E-947D-4A8F-98D0-CE2F89990B1A}.Release|x86.ActiveCfg = Release|Any CPU
		{0A18194E-947D-4A8F-98D0-CE2F89990B1A}.Release|x86.Build.0 = Release|Any CPU
	EndGlobalSection
	GlobalSection(SolutionProperties) = preSolution
		HideSolutionNode = FALSE
	EndGlobalSection
	GlobalSection(ExtensibilityGlobals) = postSolution
		SolutionGuid = {FE137B54-F16B-4A42-830F-DC57AF4F8185}
	EndGlobalSection
EndGlobal
